
Microsoft Visual Studio Solution File, Format Version 12.00
# Visual Studio Version 17
VisualStudioVersion = 17.3.32825.248
MinimumVisualStudioVersion = 10.0.40219.1
Project("{FAE04EC0-301F-11D3-BF4B-00C04F79EFBC}") = "GenerateTDSService", "GenerateTDSService.csproj", "{0B4F4211-56CD-4154-B10F-0D89728CA296}"
EndProject
Global
	GlobalSection(SolutionConfigurationPlatforms) = preSolution
		Debug|Any CPU = Debug|Any CPU
		Release|Any CPU = Release|Any CPU
	EndGlobalSection
	GlobalSection(ProjectConfigurationPlatforms) = postSolution
		{0B4F4211-56CD-4154-B10F-0D89728CA296}.Debug|Any CPU.ActiveCfg = Debug|Any CPU
		{0B4F4211-56CD-4154-B10F-0D89728CA296}.Debug|Any CPU.Build.0 = Debug|Any CPU
		{0B4F4211-56CD-4154-B10F-0D89728CA296}.Release|Any CPU.ActiveCfg = Release|Any CPU
		{0B4F4211-56CD-4154-B10F-0D89728CA296}.Release|Any CPU.Build.0 = Release|Any CPU
	EndGlobalSection
	GlobalSection(SolutionProperties) = preSolution
		HideSolutionNode = FALSE
	EndGlobalSection
	GlobalSection(ExtensibilityGlobals) = postSolution
		SolutionGuid = {DE06464A-46B6-45A1-809E-A7B11472CAA0}
	EndGlobalSection
EndGlobal
